
Microsoft Visual Studio Solution File, Format Version 12.00
# Visual Studio 15
VisualStudioVersion = 15.0.27004.2005
MinimumVisualStudioVersion = 10.0.40219.1
Project("{FAE04EC0-301F-11D3-BF4B-00C04F79EFBC}") = "Odoo.XmlRpcAdapter", "Odoo.XmlRpcAdapter\Odoo.XmlRpcAdapter.csproj", "{EE66DE91-811D-41C7-BAE4-AB1F9AF1C8F5}"
EndProject
Project("{FAE04EC0-301F-11D3-BF4B-00C04F79EFBC}") = "Odoo.XmlRpcAdapter.Sample", "Odoo.XmlRpcAdapter.Sample\Odoo.XmlRpcAdapter.Sample.csproj", "{F738689B-8994-4462-AB81-4B4669B05260}"
EndProject
Global
	GlobalSection(SolutionConfigurationPlatforms) = preSolution
		Debug|Any CPU = Debug|Any CPU
		Release|Any CPU = Release|Any CPU
	EndGlobalSection
	GlobalSection(ProjectConfigurationPlatforms) = postSolution
		{EE66DE91-811D-41C7-BAE4-AB1F9AF1C8F5}.Debug|Any CPU.ActiveCfg = Debug|Any CPU
		{EE66DE91-811D-41C7-BAE4-AB1F9AF1C8F5}.Debug|Any CPU.Build.0 = Debug|Any CPU
		{EE66DE91-811D-41C7-BAE4-AB1F9AF1C8F5}.Release|Any CPU.ActiveCfg = Release|Any CPU
		{EE66DE91-811D-41C7-BAE4-AB1F9AF1C8F5}.Release|Any CPU.Build.0 = Release|Any CPU
		{F738689B-8994-4462-AB81-4B4669B05260}.Debug|Any CPU.ActiveCfg = Debug|Any CPU
		{F738689B-8994-4462-AB81-4B4669B05260}.Debug|Any CPU.Build.0 = Debug|Any CPU
		{F738689B-8994-4462-AB81-4B4669B05260}.Release|Any CPU.ActiveCfg = Release|Any CPU
		{F738689B-8994-4462-AB81-4B4669B05260}.Release|Any CPU.Build.0 = Release|Any CPU
	EndGlobalSection
	GlobalSection(SolutionProperties) = preSolution
		HideSolutionNode = FALSE
	EndGlobalSection
	GlobalSection(ExtensibilityGlobals) = postSolution
		SolutionGuid = {8147FF4A-0C0E-4428-884B-836BE4A4434F}
	EndGlobalSection
EndGlobal
